
Microsoft Visual Studio Solution File, Format Version 12.00
# Visual Studio 2012
Project("{FAE04EC0-301F-11D3-BF4B-00C04F79EFBC}") = "TaskUtils", "TaskUtils\TaskUtils.csproj", "{AB87D509-14A8-4BB2-BF13-02222E71BB07}"
EndProject
Project("{FAE04EC0-301F-11D3-BF4B-00C04F79EFBC}") = "Test", "Test\Test.csproj", "{BCDE1E6F-E53C-4E38-95C5-78E9AC614BE2}"
EndProject
Global
	GlobalSection(SolutionConfigurationPlatforms) = preSolution
		Debug|Any CPU = Debug|Any CPU
		Release|Any CPU = Release|Any CPU
	EndGlobalSection
	GlobalSection(ProjectConfigurationPlatforms) = postSolution
		{AB87D509-14A8-4BB2-BF13-02222E71BB07}.Debug|Any CPU.ActiveCfg = Debug|Any CPU
		{AB87D509-14A8-4BB2-BF13-02222E71BB07}.Debug|Any CPU.Build.0 = Debug|Any CPU
		{AB87D509-14A8-4BB2-BF13-02222E71BB07}.Release|Any CPU.ActiveCfg = Release|Any CPU
		{AB87D509-14A8-4BB2-BF13-02222E71BB07}.Release|Any CPU.Build.0 = Release|Any CPU
		{BCDE1E6F-E53C-4E38-95C5-78E9AC614BE2}.Debug|Any CPU.ActiveCfg = Debug|Any CPU
		{BCDE1E6F-E53C-4E38-95C5-78E9AC614BE2}.Debug|Any CPU.Build.0 = Debug|Any CPU
		{BCDE1E6F-E53C-4E38-95C5-78E9AC614BE2}.Release|Any CPU.ActiveCfg = Release|Any CPU
		{BCDE1E6F-E53C-4E38-95C5-78E9AC614BE2}.Release|Any CPU.Build.0 = Release|Any CPU
	EndGlobalSection
	GlobalSection(SolutionProperties) = preSolution
		HideSolutionNode = FALSE
	EndGlobalSection
EndGlobal
